
Microsoft Visual Studio Solution File, Format Version 12.00
# Visual Studio Version 16
VisualStudioVersion = 16.0.30717.126
MinimumVisualStudioVersion = 10.0.40219.1
Project("{FAE04EC0-301F-11D3-BF4B-00C04F79EFBC}") = "KnotDetector.Android", "KnotDetector.Android\KnotDetector.Android.csproj", "{A31A279B-4793-4365-BAD6-ACBCC0A955C1}"
EndProject
Project("{FAE04EC0-301F-11D3-BF4B-00C04F79EFBC}") = "KnotDetector.iOS", "KnotDetector.iOS\KnotDetector.iOS.csproj", "{4DB8E068-75E9-4450-B356-A204E6F1F24F}"
EndProject
Project("{9A19103F-16F7-4668-BE54-9A1E7A4F7556}") = "KnotDetector", "KnotDetector\KnotDetector.csproj", "{5D988FB9-95E1-4BF6-8151-06CA38B79131}"
EndProject
Project("{9A19103F-16F7-4668-BE54-9A1E7A4F7556}") = "KnotDetectorML.Model", "KnotDetectorML.Model\KnotDetectorML.Model.csproj", "{8DADC13C-CAEC-417B-B758-7ED22D886EA5}"
EndProject
Project("{9A19103F-16F7-4668-BE54-9A1E7A4F7556}") = "KnotDetectionLogic", "KnotDetectionLogic\KnotDetectionLogic.csproj", "{A12CB72D-C74E-4476-8373-CF201C06C4BC}"
EndProject
Project("{9A19103F-16F7-4668-BE54-9A1E7A4F7556}") = "KnotDetectorFunctionApp", "KnotDetectorFunctionApp\KnotDetectorFunctionApp.csproj", "{19943A6E-9180-4F12-B55E-6FAE1F99D91D}"
EndProject
Project("{FAE04EC0-301F-11D3-BF4B-00C04F79EFBC}") = "EdgeDetectionPoc", "EdgeDetectionPoc\EdgeDetectionPoc.csproj", "{1FC8AD8E-D3D9-4B0A-B986-2AABAB7687C0}"
EndProject
Global
	GlobalSection(SolutionConfigurationPlatforms) = preSolution
		Debug|Any CPU = Debug|Any CPU
		Debug|iPhone = Debug|iPhone
		Debug|iPhoneSimulator = Debug|iPhoneSimulator
		Release|Any CPU = Release|Any CPU
		Release|iPhone = Release|iPhone
		Release|iPhoneSimulator = Release|iPhoneSimulator
	EndGlobalSection
	GlobalSection(ProjectConfigurationPlatforms) = postSolution
		{A31A279B-4793-4365-BAD6-ACBCC0A955C1}.Debug|Any CPU.ActiveCfg = Debug|Any CPU
		{A31A279B-4793-4365-BAD6-ACBCC0A955C1}.Debug|Any CPU.Build.0 = Debug|Any CPU
		{A31A279B-4793-4365-BAD6-ACBCC0A955C1}.Debug|Any CPU.Deploy.0 = Debug|Any CPU
		{A31A279B-4793-4365-BAD6-ACBCC0A955C1}.Debug|iPhone.ActiveCfg = Debug|Any CPU
		{A31A279B-4793-4365-BAD6-ACBCC0A955C1}.Debug|iPhone.Build.0 = Debug|Any CPU
		{A31A279B-4793-4365-BAD6-ACBCC0A955C1}.Debug|iPhone.Deploy.0 = Debug|Any CPU
		{A31A279B-4793-4365-BAD6-ACBCC0A955C1}.Debug|iPhoneSimulator.ActiveCfg = Debug|Any CPU
		{A31A279B-4793-4365-BAD6-ACBCC0A955C1}.Debug|iPhoneSimulator.Build.0 = Debug|Any CPU
		{A31A279B-4793-4365-BAD6-ACBCC0A955C1}.Debug|iPhoneSimulator.Deploy.0 = Debug|Any CPU
		{A31A279B-4793-4365-BAD6-ACBCC0A955C1}.Release|Any CPU.ActiveCfg = Release|Any CPU
		{A31A279B-4793-4365-BAD6-ACBCC0A955C1}.Release|Any CPU.Build.0 = Release|Any CPU
		{A31A279B-4793-4365-BAD6-ACBCC0A955C1}.Release|Any CPU.Deploy.0 = Release|Any CPU
		{A31A279B-4793-4365-BAD6-ACBCC0A955C1}.Release|iPhone.ActiveCfg = Release|Any CPU
		{A31A279B-4793-4365-BAD6-ACBCC0A955C1}.Release|iPhone.Build.0 = Release|Any CPU
		{A31A279B-4793-4365-BAD6-ACBCC0A955C1}.Release|iPhone.Deploy.0 = Release|Any CPU
		{A31A279B-4793-4365-BAD6-ACBCC0A955C1}.Release|iPhoneSimulator.ActiveCfg = Release|Any CPU
		{A31A279B-4793-4365-BAD6-ACBCC0A955C1}.Release|iPhoneSimulator.Build.0 = Release|Any CPU
		{A31A279B-4793-4365-BAD6-ACBCC0A955C1}.Release|iPhoneSimulator.Deploy.0 = Release|Any CPU
		{4DB8E068-75E9-4450-B356-A204E6F1F24F}.Debug|Any CPU.ActiveCfg = Debug|iPhone
		{4DB8E068-75E9-4450-B356-A204E6F1F24F}.Debug|Any CPU.Build.0 = Debug|iPhone
		{4DB8E068-75E9-4450-B356-A204E6F1F24F}.Debug|Any CPU.Deploy.0 = Debug|iPhone
		{4DB8E068-75E9-4450-B356-A204E6F1F24F}.Debug|iPhone.ActiveCfg = Debug|iPhone
		{4DB8E068-75E9-4450-B356-A204E6F1F24F}.Debug|iPhone.Build.0 = Debug|iPhone
		{4DB8E068-75E9-4450-B356-A204E6F1F24F}.Debug|iPhone.Deploy.0 = Debug|iPhone
		{4DB8E068-75E9-4450-B356-A204E6F1F24F}.Debug|iPhoneSimulator.ActiveCfg = Debug|iPhoneSimulator
		{4DB8E068-75E9-4450-B356-A204E6F1F24F}.Debug|iPhoneSimulator.Build.0 = Debug|iPhoneSimulator
		{4DB8E068-75E9-4450-B356-A204E6F1F24F}.Debug|iPhoneSimulator.Deploy.0 = Debug|iPhoneSimulator
		{4DB8E068-75E9-4450-B356-A204E6F1F24F}.Release|Any CPU.ActiveCfg = Release|iPhoneSimulator
		{4DB8E068-75E9-4450-B356-A204E6F1F24F}.Release|Any CPU.Build.0 = Release|iPhoneSimulator
		{4DB8E068-75E9-4450-B356-A204E6F1F24F}.Release|Any CPU.Deploy.0 = Release|iPhoneSimulator
		{4DB8E068-75E9-4450-B356-A204E6F1F24F}.Release|iPhone.ActiveCfg = Release|iPhone
		{4DB8E068-75E9-4450-B356-A204E6F1F24F}.Release|iPhone.Build.0 = Release|iPhone
		{4DB8E068-75E9-4450-B356-A204E6F1F24F}.Release|iPhone.Deploy.0 = Release|iPhone
		{4DB8E068-75E9-4450-B356-A204E6F1F24F}.Release|iPhoneSimulator.ActiveCfg = Release|iPhoneSimulator
		{4DB8E068-75E9-4450-B356-A204E6F1F24F}.Release|iPhoneSimulator.Build.0 = Release|iPhoneSimulator
		{4DB8E068-75E9-4450-B356-A204E6F1F24F}.Release|iPhoneSimulator.Deploy.0 = Release|iPhoneSimulator
		{5D988FB9-95E1-4BF6-8151-06CA38B79131}.Debug|Any CPU.ActiveCfg = Debug|Any CPU
		{5D988FB9-95E1-4BF6-8151-06CA38B79131}.Debug|Any CPU.Build.0 = Debug|Any CPU
		{5D988FB9-95E1-4BF6-8151-06CA38B79131}.Debug|Any CPU.Deploy.0 = Debug|Any CPU
		{5D988FB9-95E1-4BF6-8151-06CA38B79131}.Debug|iPhone.ActiveCfg = Debug|Any CPU
		{5D988FB9-95E1-4BF6-8151-06CA38B79131}.Debug|iPhone.Build.0 = Debug|Any CPU
		{5D988FB9-95E1-4BF6-8151-06CA38B79131}.Debug|iPhone.Deploy.0 = Debug|Any CPU
		{5D988FB9-95E1-4BF6-8151-06CA38B79131}.Debug|iPhoneSimulator.ActiveCfg = Debug|Any CPU
		{5D988FB9-95E1-4BF6-8151-06CA38B79131}.Debug|iPhoneSimulator.Build.0 = Debug|Any CPU
		{5D988FB9-95E1-4BF6-8151-06CA38B79131}.Debug|iPhoneSimulator.Deploy.0 = Debug|Any CPU
		{5D988FB9-95E1-4BF6-8151-06CA38B79131}.Release|Any CPU.ActiveCfg = Release|Any CPU
		{5D988FB9-95E1-4BF6-8151-06CA38B79131}.Release|Any CPU.Build.0 = Release|Any CPU
		{5D988FB9-95E1-4BF6-8151-06CA38B79131}.Release|Any CPU.Deploy.0 = Release|Any CPU
		{5D988FB9-95E1-4BF6-8151-06CA38B79131}.Release|iPhone.ActiveCfg = Release|Any CPU
		{5D988FB9-95E1-4BF6-8151-06CA38B79131}.Release|iPhone.Build.0 = Release|Any CPU
		{5D988FB9-95E1-4BF6-8151-06CA38B79131}.Release|iPhone.Deploy.0 = Release|Any CPU
		{5D988FB9-95E1-4BF6-8151-06CA38B79131}.Release|iPhoneSimulator.ActiveCfg = Release|Any CPU
		{5D988FB9-95E1-4BF6-8151-06CA38B79131}.Release|iPhoneSimulator.Build.0 = Release|Any CPU
		{5D988FB9-95E1-4BF6-8151-06CA38B79131}.Release|iPhoneSimulator.Deploy.0 = Release|Any CPU
		{8DADC13C-CAEC-417B-B758-7ED22D886EA5}.Debug|Any CPU.ActiveCfg = Debug|Any CPU
		{8DADC13C-CAEC-417B-B758-7ED22D886EA5}.Debug|Any CPU.Build.0 = Debug|Any CPU
		{8DADC13C-CAEC-417B-B758-7ED22D886EA5}.Debug|iPhone.ActiveCfg = Debug|Any CPU
		{8DADC13C-CAEC-417B-B758-7ED22D886EA5}.Debug|iPhone.Build.0 = Debug|Any CPU
		{8DADC13C-CAEC-417B-B758-7ED22D886EA5}.Debug|iPhoneSimulator.ActiveCfg = Debug|Any CPU
		{8DADC13C-CAEC-417B-B758-7ED22D886EA5}.Debug|iPhoneSimulator.Build.0 = Debug|Any CPU
		{8DADC13C-CAEC-417B-B758-7ED22D886EA5}.Release|Any CPU.ActiveCfg = Release|Any CPU
		{8DADC13C-CAEC-417B-B758-7ED22D886EA5}.Release|Any CPU.Build.0 = Release|Any CPU
		{8DADC13C-CAEC-417B-B758-7ED22D886EA5}.Release|iPhone.ActiveCfg = Release|Any CPU
		{8DADC13C-CAEC-417B-B758-7ED22D886EA5}.Release|iPhone.Build.0 = Release|Any CPU
		{8DADC13C-CAEC-417B-B758-7ED22D886EA5}.Release|iPhoneSimulator.ActiveCfg = Release|Any CPU
		{8DADC13C-CAEC-417B-B758-7ED22D886EA5}.Release|iPhoneSimulator.Build.0 = Release|Any CPU
		{A12CB72D-C74E-4476-8373-CF201C06C4BC}.Debug|Any CPU.ActiveCfg = Debug|Any CPU
		{A12CB72D-C74E-4476-8373-CF201C06C4BC}.Debug|Any CPU.Build.0 = Debug|Any CPU
		{A12CB72D-C74E-4476-8373-CF201C06C4BC}.Debug|iPhone.ActiveCfg = Debug|Any CPU
		{A12CB72D-C74E-4476-8373-CF201C06C4BC}.Debug|iPhone.Build.0 = Debug|Any CPU
		{A12CB72D-C74E-4476-8373-CF201C06C4BC}.Debug|iPhoneSimulator.ActiveCfg = Debug|Any CPU
		{A12CB72D-C74E-4476-8373-CF201C06C4BC}.Debug|iPhoneSimulator.Build.0 = Debug|Any CPU
		{A12CB72D-C74E-4476-8373-CF201C06C4BC}.Release|Any CPU.ActiveCfg = Release|Any CPU
		{A12CB72D-C74E-4476-8373-CF201C06C4BC}.Release|Any CPU.Build.0 = Release|Any CPU
		{A12CB72D-C74E-4476-8373-CF201C06C4BC}.Release|iPhone.ActiveCfg = Release|Any CPU
		{A12CB72D-C74E-4476-8373-CF201C06C4BC}.Release|iPhone.Build.0 = Release|Any CPU
		{A12CB72D-C74E-4476-8373-CF201C06C4BC}.Release|iPhoneSimulator.ActiveCfg = Release|Any CPU
		{A12CB72D-C74E-4476-8373-CF201C06C4BC}.Release|iPhoneSimulator.Build.0 = Release|Any CPU
		{19943A6E-9180-4F12-B55E-6FAE1F99D91D}.Debug|Any CPU.ActiveCfg = Debug|Any CPU
		{19943A6E-9180-4F12-B55E-6FAE1F99D91D}.Debug|Any CPU.Build.0 = Debug|Any CPU
		{19943A6E-9180-4F12-B55E-6FAE1F99D91D}.Debug|iPhone.ActiveCfg = Debug|Any CPU
		{19943A6E-9180-4F12-B55E-6FAE1F99D91D}.Debug|iPhone.Build.0 = Debug|Any CPU
		{19943A6E-9180-4F12-B55E-6FAE1F99D91D}.Debug|iPhoneSimulator.ActiveCfg = Debug|Any CPU
		{19943A6E-9180-4F12-B55E-6FAE1F99D91D}.Debug|iPhoneSimulator.Build.0 = Debug|Any CPU
		{19943A6E-9180-4F12-B55E-6FAE1F99D91D}.Release|Any CPU.ActiveCfg = Release|Any CPU
		{19943A6E-9180-4F12-B55E-6FAE1F99D91D}.Release|Any CPU.Build.0 = Release|Any CPU
		{19943A6E-9180-4F12-B55E-6FAE1F99D91D}.Release|iPhone.ActiveCfg = Release|Any CPU
		{19943A6E-9180-4F12-B55E-6FAE1F99D91D}.Release|iPhone.Build.0 = Release|Any CPU
		{19943A6E-9180-4F12-B55E-6FAE1F99D91D}.Release|iPhoneSimulator.ActiveCfg = Release|Any CPU
		{19943A6E-9180-4F12-B55E-6FAE1F99D91D}.Release|iPhoneSimulator.Build.0 = Release|Any CPU
		{1FC8AD8E-D3D9-4B0A-B986-2AABAB7687C0}.Debug|Any CPU.ActiveCfg = Debug|Any CPU
		{1FC8AD8E-D3D9-4B0A-B986-2AABAB7687C0}.Debug|Any CPU.Build.0 = Debug|Any CPU
		{1FC8AD8E-D3D9-4B0A-B986-2AABAB7687C0}.Debug|iPhone.ActiveCfg = Debug|Any CPU
		{1FC8AD8E-D3D9-4B0A-B986-2AABAB7687C0}.Debug|iPhone.Build.0 = Debug|Any CPU
		{1FC8AD8E-D3D9-4B0A-B986-2AABAB7687C0}.Debug|iPhoneSimulator.ActiveCfg = Debug|Any CPU
		{1FC8AD8E-D3D9-4B0A-B986-2AABAB7687C0}.Debug|iPhoneSimulator.Build.0 = Debug|Any CPU
		{1FC8AD8E-D3D9-4B0A-B986-2AABAB7687C0}.Release|Any CPU.ActiveCfg = Release|Any CPU
		{1FC8AD8E-D3D9-4B0A-B986-2AABAB7687C0}.Release|Any CPU.Build.0 = Release|Any CPU
		{1FC8AD8E-D3D9-4B0A-B986-2AABAB7687C0}.Release|iPhone.ActiveCfg = Release|Any CPU
		{1FC8AD8E-D3D9-4B0A-B986-2AABAB7687C0}.Release|iPhone.Build.0 = Release|Any CPU
		{1FC8AD8E-D3D9-4B0A-B986-2AABAB7687C0}.Release|iPhoneSimulator.ActiveCfg = Release|Any CPU
		{1FC8AD8E-D3D9-4B0A-B986-2AABAB7687C0}.Release|iPhoneSimulator.Build.0 = Release|Any CPU
	EndGlobalSection
	GlobalSection(SolutionProperties) = preSolution
		HideSolutionNode = FALSE
	EndGlobalSection
	GlobalSection(ExtensibilityGlobals) = postSolution
		SolutionGuid = {97943123-941D-40AC-89FC-84771238BBF6}
	EndGlobalSection
EndGlobal
